// !$*UTF8*$!
{
	archiveVersion = 1;
	classes = {
	};
	objectVersion = 56;
	objects = {

/* Begin PBXBuildFile section */
		B00B5DB22A01DCD900ABA945 /* RoutineModel.swift in Sources */ = {isa = PBXBuildFile; fileRef = B00B5DB12A01DCD900ABA945 /* RoutineModel.swift */; };
		B00B5DB42A01DE8E00ABA945 /* TaskModel.swift in Sources */ = {isa = PBXBuildFile; fileRef = B00B5DB32A01DE8E00ABA945 /* TaskModel.swift */; };
		B00B5DB62A01E0A700ABA945 /* TimeInterval+Extension.swift in Sources */ = {isa = PBXBuildFile; fileRef = B00B5DB52A01E0A700ABA945 /* TimeInterval+Extension.swift */; };
		B00B5DBB2A01E1CC00ABA945 /* HomeViewModel.swift in Sources */ = {isa = PBXBuildFile; fileRef = B00B5DBA2A01E1CC00ABA945 /* HomeViewModel.swift */; };
		B063EDD62A01F57B001613C9 /* DetailView.swift in Sources */ = {isa = PBXBuildFile; fileRef = B063EDD52A01F57B001613C9 /* DetailView.swift */; };
		B063EDDA2A01FD3B001613C9 /* String+Extension.swift in Sources */ = {isa = PBXBuildFile; fileRef = B063EDD92A01FD3B001613C9 /* String+Extension.swift */; };
		B063EDE12A020704001613C9 /* EmojiView.swift in Sources */ = {isa = PBXBuildFile; fileRef = B063EDE02A020704001613C9 /* EmojiView.swift */; };
		B063EDE62A0347FC001613C9 /* DetailViewModel.swift in Sources */ = {isa = PBXBuildFile; fileRef = B063EDE52A0347FC001613C9 /* DetailViewModel.swift */; };
		B063EDE82A035421001613C9 /* TaskRowView.swift in Sources */ = {isa = PBXBuildFile; fileRef = B063EDE72A035421001613C9 /* TaskRowView.swift */; };
		B0B4BDC229FB73C6000E6593 /* iOS_TimeragoApp.swift in Sources */ = {isa = PBXBuildFile; fileRef = B0B4BDC129FB73C6000E6593 /* iOS_TimeragoApp.swift */; };
		B0B4BDC629FB73C7000E6593 /* Assets.xcassets in Resources */ = {isa = PBXBuildFile; fileRef = B0B4BDC529FB73C7000E6593 /* Assets.xcassets */; };
		B0B4BDC929FB73C7000E6593 /* Preview Assets.xcassets in Resources */ = {isa = PBXBuildFile; fileRef = B0B4BDC829FB73C7000E6593 /* Preview Assets.xcassets */; };
		B0B4BE1D29FFC7AC000E6593 /* HomeView.swift in Sources */ = {isa = PBXBuildFile; fileRef = B0B4BE1C29FFC7AC000E6593 /* HomeView.swift */; };
		B0B4BE2029FFCA6E000E6593 /* Color+Extension.swift in Sources */ = {isa = PBXBuildFile; fileRef = B0B4BE1F29FFCA6E000E6593 /* Color+Extension.swift */; };
		B0B4BE2629FFCB59000E6593 /* Jost-500-Medium.otf in Resources */ = {isa = PBXBuildFile; fileRef = B0B4BE2229FFCB59000E6593 /* Jost-500-Medium.otf */; };
		B0B4BE2729FFCB59000E6593 /* Pretendard-Bold.otf in Resources */ = {isa = PBXBuildFile; fileRef = B0B4BE2329FFCB59000E6593 /* Pretendard-Bold.otf */; };
		B0B4BE2829FFCB59000E6593 /* Jost-700-Bold.otf in Resources */ = {isa = PBXBuildFile; fileRef = B0B4BE2429FFCB59000E6593 /* Jost-700-Bold.otf */; };
		B0B4BE2929FFCB59000E6593 /* Pretendard-Medium.otf in Resources */ = {isa = PBXBuildFile; fileRef = B0B4BE2529FFCB59000E6593 /* Pretendard-Medium.otf */; };
		B0B4BE2C29FFCC6F000E6593 /* Font+Extension.swift in Sources */ = {isa = PBXBuildFile; fileRef = B0B4BE2B29FFCC6F000E6593 /* Font+Extension.swift */; };
		B0B4BE2E29FFCDF2000E6593 /* UIScreen+Extension.swift in Sources */ = {isa = PBXBuildFile; fileRef = B0B4BE2D29FFCDF2000E6593 /* UIScreen+Extension.swift */; };
		B0B4BE3029FFCE0F000E6593 /* View+Extension.swift in Sources */ = {isa = PBXBuildFile; fileRef = B0B4BE2F29FFCE0F000E6593 /* View+Extension.swift */; };
		B0B4BE3229FFCE46000E6593 /* UIApplication+Extension.swift in Sources */ = {isa = PBXBuildFile; fileRef = B0B4BE3129FFCE46000E6593 /* UIApplication+Extension.swift */; };
		B0B4BE3529FFD14D000E6593 /* PlayButton.swift in Sources */ = {isa = PBXBuildFile; fileRef = B0B4BE3429FFD14D000E6593 /* PlayButton.swift */; };
		B0B4BE3729FFD67A000E6593 /* RoutineCardView.swift in Sources */ = {isa = PBXBuildFile; fileRef = B0B4BE3629FFD67A000E6593 /* RoutineCardView.swift */; };
/* End PBXBuildFile section */

/* Begin PBXFileReference section */
		B00B5DB12A01DCD900ABA945 /* RoutineModel.swift */ = {isa = PBXFileReference; lastKnownFileType = sourcecode.swift; path = RoutineModel.swift; sourceTree = "<group>"; };
		B00B5DB32A01DE8E00ABA945 /* TaskModel.swift */ = {isa = PBXFileReference; lastKnownFileType = sourcecode.swift; path = TaskModel.swift; sourceTree = "<group>"; };
		B00B5DB52A01E0A700ABA945 /* TimeInterval+Extension.swift */ = {isa = PBXFileReference; lastKnownFileType = sourcecode.swift; path = "TimeInterval+Extension.swift"; sourceTree = "<group>"; };
		B00B5DBA2A01E1CC00ABA945 /* HomeViewModel.swift */ = {isa = PBXFileReference; lastKnownFileType = sourcecode.swift; path = HomeViewModel.swift; sourceTree = "<group>"; };
		B063EDD52A01F57B001613C9 /* DetailView.swift */ = {isa = PBXFileReference; lastKnownFileType = sourcecode.swift; path = DetailView.swift; sourceTree = "<group>"; };
		B063EDD92A01FD3B001613C9 /* String+Extension.swift */ = {isa = PBXFileReference; lastKnownFileType = sourcecode.swift; path = "String+Extension.swift"; sourceTree = "<group>"; };
		B063EDE02A020704001613C9 /* EmojiView.swift */ = {isa = PBXFileReference; lastKnownFileType = sourcecode.swift; path = EmojiView.swift; sourceTree = "<group>"; };
		B063EDE52A0347FC001613C9 /* DetailViewModel.swift */ = {isa = PBXFileReference; lastKnownFileType = sourcecode.swift; path = DetailViewModel.swift; sourceTree = "<group>"; };
		B063EDE72A035421001613C9 /* TaskRowView.swift */ = {isa = PBXFileReference; lastKnownFileType = sourcecode.swift; path = TaskRowView.swift; sourceTree = "<group>"; };
		B0B4BDBE29FB73C6000E6593 /* iOS_Timerago.app */ = {isa = PBXFileReference; explicitFileType = wrapper.application; includeInIndex = 0; path = iOS_Timerago.app; sourceTree = BUILT_PRODUCTS_DIR; };
		B0B4BDC129FB73C6000E6593 /* iOS_TimeragoApp.swift */ = {isa = PBXFileReference; lastKnownFileType = sourcecode.swift; path = iOS_TimeragoApp.swift; sourceTree = "<group>"; };
		B0B4BDC529FB73C7000E6593 /* Assets.xcassets */ = {isa = PBXFileReference; lastKnownFileType = folder.assetcatalog; path = Assets.xcassets; sourceTree = "<group>"; };
		B0B4BDC829FB73C7000E6593 /* Preview Assets.xcassets */ = {isa = PBXFileReference; lastKnownFileType = folder.assetcatalog; path = "Preview Assets.xcassets"; sourceTree = "<group>"; };
		B0B4BE1C29FFC7AC000E6593 /* HomeView.swift */ = {isa = PBXFileReference; lastKnownFileType = sourcecode.swift; path = HomeView.swift; sourceTree = "<group>"; };
		B0B4BE1F29FFCA6E000E6593 /* Color+Extension.swift */ = {isa = PBXFileReference; lastKnownFileType = sourcecode.swift; path = "Color+Extension.swift"; sourceTree = "<group>"; };
		B0B4BE2229FFCB59000E6593 /* Jost-500-Medium.otf */ = {isa = PBXFileReference; lastKnownFileType = file; path = "Jost-500-Medium.otf"; sourceTree = "<group>"; };
		B0B4BE2329FFCB59000E6593 /* Pretendard-Bold.otf */ = {isa = PBXFileReference; lastKnownFileType = file; path = "Pretendard-Bold.otf"; sourceTree = "<group>"; };
		B0B4BE2429FFCB59000E6593 /* Jost-700-Bold.otf */ = {isa = PBXFileReference; lastKnownFileType = file; path = "Jost-700-Bold.otf"; sourceTree = "<group>"; };
		B0B4BE2529FFCB59000E6593 /* Pretendard-Medium.otf */ = {isa = PBXFileReference; lastKnownFileType = file; path = "Pretendard-Medium.otf"; sourceTree = "<group>"; };
		B0B4BE2A29FFCB89000E6593 /* iOS-Timerago-Info.plist */ = {isa = PBXFileReference; lastKnownFileType = text.plist; path = "iOS-Timerago-Info.plist"; sourceTree = SOURCE_ROOT; };
		B0B4BE2B29FFCC6F000E6593 /* Font+Extension.swift */ = {isa = PBXFileReference; lastKnownFileType = sourcecode.swift; path = "Font+Extension.swift"; sourceTree = "<group>"; };
		B0B4BE2D29FFCDF2000E6593 /* UIScreen+Extension.swift */ = {isa = PBXFileReference; lastKnownFileType = sourcecode.swift; path = "UIScreen+Extension.swift"; sourceTree = "<group>"; };
		B0B4BE2F29FFCE0F000E6593 /* View+Extension.swift */ = {isa = PBXFileReference; lastKnownFileType = sourcecode.swift; path = "View+Extension.swift"; sourceTree = "<group>"; };
		B0B4BE3129FFCE46000E6593 /* UIApplication+Extension.swift */ = {isa = PBXFileReference; lastKnownFileType = sourcecode.swift; path = "UIApplication+Extension.swift"; sourceTree = "<group>"; };
		B0B4BE3429FFD14D000E6593 /* PlayButton.swift */ = {isa = PBXFileReference; lastKnownFileType = sourcecode.swift; path = PlayButton.swift; sourceTree = "<group>"; };
		B0B4BE3629FFD67A000E6593 /* RoutineCardView.swift */ = {isa = PBXFileReference; lastKnownFileType = sourcecode.swift; path = RoutineCardView.swift; sourceTree = "<group>"; };
/* End PBXFileReference section */

/* Begin PBXFrameworksBuildPhase section */
		B0B4BDBB29FB73C6000E6593 /* Frameworks */ = {
			isa = PBXFrameworksBuildPhase;
			buildActionMask = 2147483647;
			files = (
			);
			runOnlyForDeploymentPostprocessing = 0;
		};
/* End PBXFrameworksBuildPhase section */

/* Begin PBXGroup section */
		B00B5DAE2A01DCA400ABA945 /* Models */ = {
			isa = PBXGroup;
			children = (
				B00B5DB12A01DCD900ABA945 /* RoutineModel.swift */,
				B00B5DB32A01DE8E00ABA945 /* TaskModel.swift */,
			);
			path = Models;
			sourceTree = "<group>";
		};
		B00B5DB92A01E1C100ABA945 /* ViewModels */ = {
			isa = PBXGroup;
			children = (
				B00B5DBA2A01E1CC00ABA945 /* HomeViewModel.swift */,
			);
			path = ViewModels;
			sourceTree = "<group>";
		};
		B00B5DBC2A01EE1A00ABA945 /* Detail */ = {
			isa = PBXGroup;
			children = (
				B063EDE42A0347E8001613C9 /* ViewModels */,
				B00B5DBD2A01EE7200ABA945 /* Views */,
			);
			path = Detail;
			sourceTree = "<group>";
		};
		B00B5DBD2A01EE7200ABA945 /* Views */ = {
			isa = PBXGroup;
			children = (
				B063EDD52A01F57B001613C9 /* DetailView.swift */,
				B063EDE02A020704001613C9 /* EmojiView.swift */,
				B063EDE72A035421001613C9 /* TaskRowView.swift */,
			);
			path = Views;
			sourceTree = "<group>";
		};
		B063EDE42A0347E8001613C9 /* ViewModels */ = {
			isa = PBXGroup;
			children = (
				B063EDE52A0347FC001613C9 /* DetailViewModel.swift */,
			);
			path = ViewModels;
			sourceTree = "<group>";
		};
		B0B4BDB529FB73C6000E6593 = {
			isa = PBXGroup;
			children = (
				B0B4BDC029FB73C6000E6593 /* iOS_Timerago */,
				B0B4BDBF29FB73C6000E6593 /* Products */,
			);
			sourceTree = "<group>";
		};
		B0B4BDBF29FB73C6000E6593 /* Products */ = {
			isa = PBXGroup;
			children = (
				B0B4BDBE29FB73C6000E6593 /* iOS_Timerago.app */,
			);
			name = Products;
			sourceTree = "<group>";
		};
		B0B4BDC029FB73C6000E6593 /* iOS_Timerago */ = {
			isa = PBXGroup;
			children = (
				B0B4BE2A29FFCB89000E6593 /* iOS-Timerago-Info.plist */,
				B0B4BE1629FFC71D000E6593 /* Resources */,
				B0B4BE1529FFC708000E6593 /* Sources */,
				B0B4BDC129FB73C6000E6593 /* iOS_TimeragoApp.swift */,
				B0B4BDC729FB73C7000E6593 /* Preview Content */,
			);
			path = iOS_Timerago;
			sourceTree = "<group>";
		};
		B0B4BDC729FB73C7000E6593 /* Preview Content */ = {
			isa = PBXGroup;
			children = (
				B0B4BDC829FB73C7000E6593 /* Preview Assets.xcassets */,
			);
			path = "Preview Content";
			sourceTree = "<group>";
		};
		B0B4BE1529FFC708000E6593 /* Sources */ = {
			isa = PBXGroup;
			children = (
				B00B5DAE2A01DCA400ABA945 /* Models */,
				B0B4BE1829FFC742000E6593 /* Utils */,
				B0B4BE1729FFC72F000E6593 /* Core */,
			);
			path = Sources;
			sourceTree = "<group>";
		};
		B0B4BE1629FFC71D000E6593 /* Resources */ = {
			isa = PBXGroup;
			children = (
				B0B4BE2129FFCB3B000E6593 /* Fonts */,
				B0B4BDC529FB73C7000E6593 /* Assets.xcassets */,
			);
			path = Resources;
			sourceTree = "<group>";
		};
		B0B4BE1729FFC72F000E6593 /* Core */ = {
			isa = PBXGroup;
			children = (
				B00B5DBC2A01EE1A00ABA945 /* Detail */,
				B0B4BE3329FFD13B000E6593 /* Component */,
				B0B4BE1A29FFC75D000E6593 /* Home */,
			);
			path = Core;
			sourceTree = "<group>";
		};
		B0B4BE1829FFC742000E6593 /* Utils */ = {
			isa = PBXGroup;
			children = (
				B0B4BE1E29FFCA60000E6593 /* Extensions */,
			);
			path = Utils;
			sourceTree = "<group>";
		};
		B0B4BE1A29FFC75D000E6593 /* Home */ = {
			isa = PBXGroup;
			children = (
				B00B5DB92A01E1C100ABA945 /* ViewModels */,
				B0B4BE1B29FFC763000E6593 /* Views */,
			);
			path = Home;
			sourceTree = "<group>";
		};
		B0B4BE1B29FFC763000E6593 /* Views */ = {
			isa = PBXGroup;
			children = (
				B0B4BE1C29FFC7AC000E6593 /* HomeView.swift */,
			);
			path = Views;
			sourceTree = "<group>";
		};
		B0B4BE1E29FFCA60000E6593 /* Extensions */ = {
			isa = PBXGroup;
			children = (
				B0B4BE1F29FFCA6E000E6593 /* Color+Extension.swift */,
				B0B4BE2B29FFCC6F000E6593 /* Font+Extension.swift */,
				B0B4BE2D29FFCDF2000E6593 /* UIScreen+Extension.swift */,
				B0B4BE2F29FFCE0F000E6593 /* View+Extension.swift */,
				B0B4BE3129FFCE46000E6593 /* UIApplication+Extension.swift */,
				B00B5DB52A01E0A700ABA945 /* TimeInterval+Extension.swift */,
				B063EDD92A01FD3B001613C9 /* String+Extension.swift */,
			);
			path = Extensions;
			sourceTree = "<group>";
		};
		B0B4BE2129FFCB3B000E6593 /* Fonts */ = {
			isa = PBXGroup;
			children = (
				B0B4BE2229FFCB59000E6593 /* Jost-500-Medium.otf */,
				B0B4BE2429FFCB59000E6593 /* Jost-700-Bold.otf */,
				B0B4BE2329FFCB59000E6593 /* Pretendard-Bold.otf */,
				B0B4BE2529FFCB59000E6593 /* Pretendard-Medium.otf */,
			);
			path = Fonts;
			sourceTree = "<group>";
		};
		B0B4BE3329FFD13B000E6593 /* Component */ = {
			isa = PBXGroup;
			children = (
				B0B4BE3429FFD14D000E6593 /* PlayButton.swift */,
				B0B4BE3629FFD67A000E6593 /* RoutineCardView.swift */,
			);
			path = Component;
			sourceTree = "<group>";
		};
/* End PBXGroup section */

/* Begin PBXNativeTarget section */
		B0B4BDBD29FB73C6000E6593 /* iOS_Timerago */ = {
			isa = PBXNativeTarget;
			buildConfigurationList = B0B4BDD129FB73C7000E6593 /* Build configuration list for PBXNativeTarget "iOS_Timerago" */;
			buildPhases = (
				B0B4BDBA29FB73C6000E6593 /* Sources */,
				B0B4BDBB29FB73C6000E6593 /* Frameworks */,
				B0B4BDBC29FB73C6000E6593 /* Resources */,
			);
			buildRules = (
			);
			dependencies = (
			);
			name = iOS_Timerago;
			packageProductDependencies = (
			);
			productName = iOS_Timerago;
			productReference = B0B4BDBE29FB73C6000E6593 /* iOS_Timerago.app */;
			productType = "com.apple.product-type.application";
		};
/* End PBXNativeTarget section */

/* Begin PBXProject section */
		B0B4BDB629FB73C6000E6593 /* Project object */ = {
			isa = PBXProject;
			attributes = {
				BuildIndependentTargetsInParallel = 1;
				LastSwiftUpdateCheck = 1420;
				LastUpgradeCheck = 1420;
				TargetAttributes = {
					B0B4BDBD29FB73C6000E6593 = {
						CreatedOnToolsVersion = 14.2;
					};
				};
			};
			buildConfigurationList = B0B4BDB929FB73C6000E6593 /* Build configuration list for PBXProject "iOS_Timerago" */;
			compatibilityVersion = "Xcode 14.0";
			developmentRegion = en;
			hasScannedForEncodings = 0;
			knownRegions = (
				en,
				Base,
			);
			mainGroup = B0B4BDB529FB73C6000E6593;
			packageReferences = (
			);
			productRefGroup = B0B4BDBF29FB73C6000E6593 /* Products */;
			projectDirPath = "";
			projectRoot = "";
			targets = (
				B0B4BDBD29FB73C6000E6593 /* iOS_Timerago */,
			);
		};
/* End PBXProject section */

/* Begin PBXResourcesBuildPhase section */
		B0B4BDBC29FB73C6000E6593 /* Resources */ = {
			isa = PBXResourcesBuildPhase;
			buildActionMask = 2147483647;
			files = (
				B0B4BDC929FB73C7000E6593 /* Preview Assets.xcassets in Resources */,
				B0B4BE2829FFCB59000E6593 /* Jost-700-Bold.otf in Resources */,
				B0B4BE2729FFCB59000E6593 /* Pretendard-Bold.otf in Resources */,
				B0B4BE2629FFCB59000E6593 /* Jost-500-Medium.otf in Resources */,
				B0B4BDC629FB73C7000E6593 /* Assets.xcassets in Resources */,
				B0B4BE2929FFCB59000E6593 /* Pretendard-Medium.otf in Resources */,
			);
			runOnlyForDeploymentPostprocessing = 0;
		};
/* End PBXResourcesBuildPhase section */

/* Begin PBXSourcesBuildPhase section */
		B0B4BDBA29FB73C6000E6593 /* Sources */ = {
			isa = PBXSourcesBuildPhase;
			buildActionMask = 2147483647;
			files = (
				B063EDE62A0347FC001613C9 /* DetailViewModel.swift in Sources */,
				B0B4BE2E29FFCDF2000E6593 /* UIScreen+Extension.swift in Sources */,
				B063EDDA2A01FD3B001613C9 /* String+Extension.swift in Sources */,
				B063EDD62A01F57B001613C9 /* DetailView.swift in Sources */,
				B00B5DB62A01E0A700ABA945 /* TimeInterval+Extension.swift in Sources */,
				B00B5DBB2A01E1CC00ABA945 /* HomeViewModel.swift in Sources */,
				B0B4BE2029FFCA6E000E6593 /* Color+Extension.swift in Sources */,
				B0B4BE3229FFCE46000E6593 /* UIApplication+Extension.swift in Sources */,
				B063EDE12A020704001613C9 /* EmojiView.swift in Sources */,
				B0B4BE3529FFD14D000E6593 /* PlayButton.swift in Sources */,
				B063EDE82A035421001613C9 /* TaskRowView.swift in Sources */,
				B0B4BDC229FB73C6000E6593 /* iOS_TimeragoApp.swift in Sources */,
				B0B4BE1D29FFC7AC000E6593 /* HomeView.swift in Sources */,
				B0B4BE3729FFD67A000E6593 /* RoutineCardView.swift in Sources */,
				B00B5DB22A01DCD900ABA945 /* RoutineModel.swift in Sources */,
				B0B4BE2C29FFCC6F000E6593 /* Font+Extension.swift in Sources */,
				B0B4BE3029FFCE0F000E6593 /* View+Extension.swift in Sources */,
				B00B5DB42A01DE8E00ABA945 /* TaskModel.swift in Sources */,
			);
			runOnlyForDeploymentPostprocessing = 0;
		};
/* End PBXSourcesBuildPhase section */

/* Begin XCBuildConfiguration section */
		B0B4BDCF29FB73C7000E6593 /* Debug */ = {
			isa = XCBuildConfiguration;
			buildSettings = {
				ALWAYS_SEARCH_USER_PATHS = NO;
				CLANG_ANALYZER_NONNULL = YES;
				CLANG_ANALYZER_NUMBER_OBJECT_CONVERSION = YES_AGGRESSIVE;
				CLANG_CXX_LANGUAGE_STANDARD = "gnu++20";
				CLANG_ENABLE_MODULES = YES;
				CLANG_ENABLE_OBJC_ARC = YES;
				CLANG_ENABLE_OBJC_WEAK = YES;
				CLANG_WARN_BLOCK_CAPTURE_AUTORELEASING = YES;
				CLANG_WARN_BOOL_CONVERSION = YES;
				CLANG_WARN_COMMA = YES;
				CLANG_WARN_CONSTANT_CONVERSION = YES;
				CLANG_WARN_DEPRECATED_OBJC_IMPLEMENTATIONS = YES;
				CLANG_WARN_DIRECT_OBJC_ISA_USAGE = YES_ERROR;
				CLANG_WARN_DOCUMENTATION_COMMENTS = YES;
				CLANG_WARN_EMPTY_BODY = YES;
				CLANG_WARN_ENUM_CONVERSION = YES;
				CLANG_WARN_INFINITE_RECURSION = YES;
				CLANG_WARN_INT_CONVERSION = YES;
				CLANG_WARN_NON_LITERAL_NULL_CONVERSION = YES;
				CLANG_WARN_OBJC_IMPLICIT_RETAIN_SELF = YES;
				CLANG_WARN_OBJC_LITERAL_CONVERSION = YES;
				CLANG_WARN_OBJC_ROOT_CLASS = YES_ERROR;
				CLANG_WARN_QUOTED_INCLUDE_IN_FRAMEWORK_HEADER = YES;
				CLANG_WARN_RANGE_LOOP_ANALYSIS = YES;
				CLANG_WARN_STRICT_PROTOTYPES = YES;
				CLANG_WARN_SUSPICIOUS_MOVE = YES;
				CLANG_WARN_UNGUARDED_AVAILABILITY = YES_AGGRESSIVE;
				CLANG_WARN_UNREACHABLE_CODE = YES;
				CLANG_WARN__DUPLICATE_METHOD_MATCH = YES;
				COPY_PHASE_STRIP = NO;
				DEBUG_INFORMATION_FORMAT = dwarf;
				ENABLE_STRICT_OBJC_MSGSEND = YES;
				ENABLE_TESTABILITY = YES;
				GCC_C_LANGUAGE_STANDARD = gnu11;
				GCC_DYNAMIC_NO_PIC = NO;
				GCC_NO_COMMON_BLOCKS = YES;
				GCC_OPTIMIZATION_LEVEL = 0;
				GCC_PREPROCESSOR_DEFINITIONS = (
					"DEBUG=1",
					"$(inherited)",
				);
				GCC_WARN_64_TO_32_BIT_CONVERSION = YES;
				GCC_WARN_ABOUT_RETURN_TYPE = YES_ERROR;
				GCC_WARN_UNDECLARED_SELECTOR = YES;
				GCC_WARN_UNINITIALIZED_AUTOS = YES_AGGRESSIVE;
				GCC_WARN_UNUSED_FUNCTION = YES;
				GCC_WARN_UNUSED_VARIABLE = YES;
				IPHONEOS_DEPLOYMENT_TARGET = 16.2;
				MTL_ENABLE_DEBUG_INFO = INCLUDE_SOURCE;
				MTL_FAST_MATH = YES;
				ONLY_ACTIVE_ARCH = YES;
				SDKROOT = iphoneos;
				SWIFT_ACTIVE_COMPILATION_CONDITIONS = DEBUG;
				SWIFT_OPTIMIZATION_LEVEL = "-Onone";
			};
			name = Debug;
		};
		B0B4BDD029FB73C7000E6593 /* Release */ = {
			isa = XCBuildConfiguration;
			buildSettings = {
				ALWAYS_SEARCH_USER_PATHS = NO;
				CLANG_ANALYZER_NONNULL = YES;
				CLANG_ANALYZER_NUMBER_OBJECT_CONVERSION = YES_AGGRESSIVE;
				CLANG_CXX_LANGUAGE_STANDARD = "gnu++20";
				CLANG_ENABLE_MODULES = YES;
				CLANG_ENABLE_OBJC_ARC = YES;
				CLANG_ENABLE_OBJC_WEAK = YES;
				CLANG_WARN_BLOCK_CAPTURE_AUTORELEASING = YES;
				CLANG_WARN_BOOL_CONVERSION = YES;
				CLANG_WARN_COMMA = YES;
				CLANG_WARN_CONSTANT_CONVERSION = YES;
				CLANG_WARN_DEPRECATED_OBJC_IMPLEMENTATIONS = YES;
				CLANG_WARN_DIRECT_OBJC_ISA_USAGE = YES_ERROR;
				CLANG_WARN_DOCUMENTATION_COMMENTS = YES;
				CLANG_WARN_EMPTY_BODY = YES;
				CLANG_WARN_ENUM_CONVERSION = YES;
				CLANG_WARN_INFINITE_RECURSION = YES;
				CLANG_WARN_INT_CONVERSION = YES;
				CLANG_WARN_NON_LITERAL_NULL_CONVERSION = YES;
				CLANG_WARN_OBJC_IMPLICIT_RETAIN_SELF = YES;
				CLANG_WARN_OBJC_LITERAL_CONVERSION = YES;
				CLANG_WARN_OBJC_ROOT_CLASS = YES_ERROR;
				CLANG_WARN_QUOTED_INCLUDE_IN_FRAMEWORK_HEADER = YES;
				CLANG_WARN_RANGE_LOOP_ANALYSIS = YES;
				CLANG_WARN_STRICT_PROTOTYPES = YES;
				CLANG_WARN_SUSPICIOUS_MOVE = YES;
				CLANG_WARN_UNGUARDED_AVAILABILITY = YES_AGGRESSIVE;
				CLANG_WARN_UNREACHABLE_CODE = YES;
				CLANG_WARN__DUPLICATE_METHOD_MATCH = YES;
				COPY_PHASE_STRIP = NO;
				DEBUG_INFORMATION_FORMAT = "dwarf-with-dsym";
				ENABLE_NS_ASSERTIONS = NO;
				ENABLE_STRICT_OBJC_MSGSEND = YES;
				GCC_C_LANGUAGE_STANDARD = gnu11;
				GCC_NO_COMMON_BLOCKS = YES;
				GCC_WARN_64_TO_32_BIT_CONVERSION = YES;
				GCC_WARN_ABOUT_RETURN_TYPE = YES_ERROR;
				GCC_WARN_UNDECLARED_SELECTOR = YES;
				GCC_WARN_UNINITIALIZED_AUTOS = YES_AGGRESSIVE;
				GCC_WARN_UNUSED_FUNCTION = YES;
				GCC_WARN_UNUSED_VARIABLE = YES;
				IPHONEOS_DEPLOYMENT_TARGET = 16.2;
				MTL_ENABLE_DEBUG_INFO = NO;
				MTL_FAST_MATH = YES;
				SDKROOT = iphoneos;
				SWIFT_COMPILATION_MODE = wholemodule;
				SWIFT_OPTIMIZATION_LEVEL = "-O";
				VALIDATE_PRODUCT = YES;
			};
			name = Release;
		};
		B0B4BDD229FB73C7000E6593 /* Debug */ = {
			isa = XCBuildConfiguration;
			buildSettings = {
				ASSETCATALOG_COMPILER_APPICON_NAME = AppIcon;
				ASSETCATALOG_COMPILER_GLOBAL_ACCENT_COLOR_NAME = AccentColor;
				CODE_SIGN_STYLE = Automatic;
				CURRENT_PROJECT_VERSION = 1;
				DEVELOPMENT_ASSET_PATHS = "\"iOS_Timerago/Preview Content\"";
				DEVELOPMENT_TEAM = 28NL63HBTJ;
				ENABLE_PREVIEWS = YES;
				GENERATE_INFOPLIST_FILE = YES;
				INFOPLIST_FILE = "iOS-Timerago-Info.plist";
				INFOPLIST_KEY_UIApplicationSceneManifest_Generation = YES;
				INFOPLIST_KEY_UIApplicationSupportsIndirectInputEvents = YES;
				INFOPLIST_KEY_UILaunchScreen_Generation = YES;
				INFOPLIST_KEY_UISupportedInterfaceOrientations_iPad = "UIInterfaceOrientationPortrait UIInterfaceOrientationPortraitUpsideDown UIInterfaceOrientationLandscapeLeft UIInterfaceOrientationLandscapeRight";
				INFOPLIST_KEY_UISupportedInterfaceOrientations_iPhone = "UIInterfaceOrientationPortrait UIInterfaceOrientationLandscapeLeft UIInterfaceOrientationLandscapeRight";
				LD_RUNPATH_SEARCH_PATHS = (
					"$(inherited)",
					"@executable_path/Frameworks",
				);
				MARKETING_VERSION = 1.0;
				PRODUCT_BUNDLE_IDENTIFIER = "com.Ppack.iOS-Timerago";
				PRODUCT_NAME = "$(TARGET_NAME)";
				SWIFT_EMIT_LOC_STRINGS = YES;
				SWIFT_VERSION = 5.0;
				TARGETED_DEVICE_FAMILY = "1,2";
			};
			name = Debug;
		};
		B0B4BDD329FB73C7000E6593 /* Release */ = {
			isa = XCBuildConfiguration;
			buildSettings = {
				ASSETCATALOG_COMPILER_APPICON_NAME = AppIcon;
				ASSETCATALOG_COMPILER_GLOBAL_ACCENT_COLOR_NAME = AccentColor;
				CODE_SIGN_STYLE = Automatic;
				CURRENT_PROJECT_VERSION = 1;
				DEVELOPMENT_ASSET_PATHS = "\"iOS_Timerago/Preview Content\"";
				DEVELOPMENT_TEAM = 28NL63HBTJ;
				ENABLE_PREVIEWS = YES;
				GENERATE_INFOPLIST_FILE = YES;
				INFOPLIST_FILE = "iOS-Timerago-Info.plist";
				INFOPLIST_KEY_UIApplicationSceneManifest_Generation = YES;
				INFOPLIST_KEY_UIApplicationSupportsIndirectInputEvents = YES;
				INFOPLIST_KEY_UILaunchScreen_Generation = YES;
				INFOPLIST_KEY_UISupportedInterfaceOrientations_iPad = "UIInterfaceOrientationPortrait UIInterfaceOrientationPortraitUpsideDown UIInterfaceOrientationLandscapeLeft UIInterfaceOrientationLandscapeRight";
				INFOPLIST_KEY_UISupportedInterfaceOrientations_iPhone = "UIInterfaceOrientationPortrait UIInterfaceOrientationLandscapeLeft UIInterfaceOrientationLandscapeRight";
				LD_RUNPATH_SEARCH_PATHS = (
					"$(inherited)",
					"@executable_path/Frameworks",
				);
				MARKETING_VERSION = 1.0;
				PRODUCT_BUNDLE_IDENTIFIER = "com.Ppack.iOS-Timerago";
				PRODUCT_NAME = "$(TARGET_NAME)";
				SWIFT_EMIT_LOC_STRINGS = YES;
				SWIFT_VERSION = 5.0;
				TARGETED_DEVICE_FAMILY = "1,2";
			};
			name = Release;
		};
/* End XCBuildConfiguration section */

/* Begin XCConfigurationList section */
		B0B4BDB929FB73C6000E6593 /* Build configuration list for PBXProject "iOS_Timerago" */ = {
			isa = XCConfigurationList;
			buildConfigurations = (
				B0B4BDCF29FB73C7000E6593 /* Debug */,
				B0B4BDD029FB73C7000E6593 /* Release */,
			);
			defaultConfigurationIsVisible = 0;
			defaultConfigurationName = Release;
		};
		B0B4BDD129FB73C7000E6593 /* Build configuration list for PBXNativeTarget "iOS_Timerago" */ = {
			isa = XCConfigurationList;
			buildConfigurations = (
				B0B4BDD229FB73C7000E6593 /* Debug */,
				B0B4BDD329FB73C7000E6593 /* Release */,
			);
			defaultConfigurationIsVisible = 0;
			defaultConfigurationName = Release;
		};
/* End XCConfigurationList section */
	};
	rootObject = B0B4BDB629FB73C6000E6593 /* Project object */;
}
